
Microsoft Visual Studio Solution File, Format Version 12.00
# Visual Studio Version 17
VisualStudioVersion = 17.5.002.0
MinimumVisualStudioVersion = 10.0.40219.1
Project("{9A19103F-16F7-4668-BE54-9A1E7A4F7556}") = "newTalents", "Api\newTalents.csproj", "{A8690237-469F-4DFF-AD34-8B14ED2CE8C2}"
EndProject
Project("{9A19103F-16F7-4668-BE54-9A1E7A4F7556}") = "Test", "Test\Test.csproj", "{D9DB0674-4ADF-46B2-AB8E-81C5398393C1}"
EndProject
Global
	GlobalSection(SolutionConfigurationPlatforms) = preSolution
		Debug|Any CPU = Debug|Any CPU
		Release|Any CPU = Release|Any CPU
	EndGlobalSection
	GlobalSection(ProjectConfigurationPlatforms) = postSolution
		{A8690237-469F-4DFF-AD34-8B14ED2CE8C2}.Debug|Any CPU.ActiveCfg = Debug|Any CPU
		{A8690237-469F-4DFF-AD34-8B14ED2CE8C2}.Debug|Any CPU.Build.0 = Debug|Any CPU
		{A8690237-469F-4DFF-AD34-8B14ED2CE8C2}.Release|Any CPU.ActiveCfg = Release|Any CPU
		{A8690237-469F-4DFF-AD34-8B14ED2CE8C2}.Release|Any CPU.Build.0 = Release|Any CPU
		{D9DB0674-4ADF-46B2-AB8E-81C5398393C1}.Debug|Any CPU.ActiveCfg = Debug|Any CPU
		{D9DB0674-4ADF-46B2-AB8E-81C5398393C1}.Debug|Any CPU.Build.0 = Debug|Any CPU
		{D9DB0674-4ADF-46B2-AB8E-81C5398393C1}.Release|Any CPU.ActiveCfg = Release|Any CPU
		{D9DB0674-4ADF-46B2-AB8E-81C5398393C1}.Release|Any CPU.Build.0 = Release|Any CPU
	EndGlobalSection
	GlobalSection(SolutionProperties) = preSolution
		HideSolutionNode = FALSE
	EndGlobalSection
	GlobalSection(ExtensibilityGlobals) = postSolution
		SolutionGuid = {95CCA6FD-CD86-4CB6-982F-71E521FDA618}
	EndGlobalSection
EndGlobal
